
Microsoft Visual Studio Solution File, Format Version 12.00
# Visual Studio Version 17
VisualStudioVersion = 17.13.35818.85 d17.13
MinimumVisualStudioVersion = 10.0.40219.1
Project("{F2A71F9B-5D33-465A-A702-920D77279786}") = "Sirius", "Sirius\Sirius.fsproj", "{34CE64CC-FC70-4BF4-BF9A-2E029D34B3E1}"
EndProject
Global
	GlobalSection(SolutionConfigurationPlatforms) = preSolution
		Debug|Any CPU = Debug|Any CPU
		Debug|x64 = Debug|x64
		Release|Any CPU = Release|Any CPU
		Release|x64 = Release|x64
	EndGlobalSection
	GlobalSection(ProjectConfigurationPlatforms) = postSolution
		{34CE64CC-FC70-4BF4-BF9A-2E029D34B3E1}.Debug|Any CPU.ActiveCfg = Debug|Any CPU
		{34CE64CC-FC70-4BF4-BF9A-2E029D34B3E1}.Debug|Any CPU.Build.0 = Debug|Any CPU
		{34CE64CC-FC70-4BF4-BF9A-2E029D34B3E1}.Debug|x64.ActiveCfg = Debug|x64
		{34CE64CC-FC70-4BF4-BF9A-2E029D34B3E1}.Debug|x64.Build.0 = Debug|x64
		{34CE64CC-FC70-4BF4-BF9A-2E029D34B3E1}.Release|Any CPU.ActiveCfg = Release|Any CPU
		{34CE64CC-FC70-4BF4-BF9A-2E029D34B3E1}.Release|Any CPU.Build.0 = Release|Any CPU
		{34CE64CC-FC70-4BF4-BF9A-2E029D34B3E1}.Release|x64.ActiveCfg = Release|x64
		{34CE64CC-FC70-4BF4-BF9A-2E029D34B3E1}.Release|x64.Build.0 = Release|x64
	EndGlobalSection
	GlobalSection(SolutionProperties) = preSolution
		HideSolutionNode = FALSE
	EndGlobalSection
	GlobalSection(ExtensibilityGlobals) = postSolution
		SolutionGuid = {ED34B1B6-21CD-4DD5-8A30-CB78DC543A8D}
	EndGlobalSection
EndGlobal
